// !$*UTF8*$!
{
	archiveVersion = 1;
	classes = {
	};
	objectVersion = 47;
	objects = {

/* Begin PBXBuildFile section */
		1C93D6641BE11FF100649405 /* PHShebangPreprocessor.m in Sources */ = {isa = PBXBuildFile; fileRef = 1C93D6631BE11FF100649405 /* PHShebangPreprocessor.m */; };
		A7183B671B6E865F00842E13 /* PHKeyHandler.m in Sources */ = {isa = PBXBuildFile; fileRef = A7183B661B6E865F00842E13 /* PHKeyHandler.m */; };
		A7288A351CC119BD00EC032B /* PHTimerHandler.m in Sources */ = {isa = PBXBuildFile; fileRef = A7288A341CC119BD00EC032B /* PHTimerHandler.m */; };
		A7288A3B1CC14DF800EC032B /* PHWeakTimerTarget.m in Sources */ = {isa = PBXBuildFile; fileRef = A7288A3A1CC14DF800EC032B /* PHWeakTimerTarget.m */; };
		A72EAD041B5CE34800DD537B /* Credits.rtf in Resources */ = {isa = PBXBuildFile; fileRef = A72EAD031B5CE34800DD537B /* Credits.rtf */; };
		A72EAD071B5D00B800DD537B /* PHModalWindowController.m in Sources */ = {isa = PBXBuildFile; fileRef = A72EAD061B5D00B800DD537B /* PHModalWindowController.m */; };
		A72ED7B61B6E25940064E35B /* PHPhoenix.m in Sources */ = {isa = PBXBuildFile; fileRef = A72ED7B51B6E25940064E35B /* PHPhoenix.m */; };
		A731A7261C2C76B800EB9FD5 /* PHSpace.m in Sources */ = {isa = PBXBuildFile; fileRef = A731A7251C2C76B800EB9FD5 /* PHSpace.m */; };
		A73C2CAB1B9088040004C663 /* PHNotificationHelper.m in Sources */ = {isa = PBXBuildFile; fileRef = A73C2CAA1B9088040004C663 /* PHNotificationHelper.m */; };
		A741336C1BB7EEAC008DAF39 /* PHHandler.m in Sources */ = {isa = PBXBuildFile; fileRef = A741336B1BB7EEAC008DAF39 /* PHHandler.m */; };
		A741336F1BB7F228008DAF39 /* PHEventHandler.m in Sources */ = {isa = PBXBuildFile; fileRef = A741336E1BB7F228008DAF39 /* PHEventHandler.m */; };
		A74133721BB7F556008DAF39 /* PHEventTranslator.m in Sources */ = {isa = PBXBuildFile; fileRef = A74133711BB7F556008DAF39 /* PHEventTranslator.m */; };
		A747A90F1D2D054B007101F0 /* PHStorage.m in Sources */ = {isa = PBXBuildFile; fileRef = A747A90E1D2D054B007101F0 /* PHStorage.m */; };
		A762478A1B81FD3C00ECF209 /* PHAXUIElement.m in Sources */ = {isa = PBXBuildFile; fileRef = A76247891B81FD3C00ECF209 /* PHAXUIElement.m */; };
		A76D0F141D2540F900060CA7 /* PHTaskHandler.m in Sources */ = {isa = PBXBuildFile; fileRef = A76D0F131D2540F900060CA7 /* PHTaskHandler.m */; };
		A7741A291D2BBF55009E8A2F /* PHGlobalEventMonitor.m in Sources */ = {isa = PBXBuildFile; fileRef = A7741A281D2BBF55009E8A2F /* PHGlobalEventMonitor.m */; };
		A77AB3261DD73F00003B5872 /* lodash.min.js in Resources */ = {isa = PBXBuildFile; fileRef = A77AB3251DD73F00003B5872 /* lodash.min.js */; };
		A77AB3281DD75715003B5872 /* phoenix.min.js in Resources */ = {isa = PBXBuildFile; fileRef = A77AB3271DD75715003B5872 /* phoenix.min.js */; };
		A78566D11CBE77CD00036AF9 /* PHPreferences.m in Sources */ = {isa = PBXBuildFile; fileRef = A78566D01CBE77CD00036AF9 /* PHPreferences.m */; };
		A78749641CA2BB440042DA4C /* NSProcessInfo+PHExtension.m in Sources */ = {isa = PBXBuildFile; fileRef = A78749631CA2BB440042DA4C /* NSProcessInfo+PHExtension.m */; };
		A79452421C2F35E3007AF8C5 /* NSArray+PHExtension.m in Sources */ = {isa = PBXBuildFile; fileRef = A79452411C2F35E3007AF8C5 /* NSArray+PHExtension.m */; };
		A7952E7E1C0721850062D651 /* dsa-phoenix-pub.pem in Resources */ = {isa = PBXBuildFile; fileRef = A7952E7D1C0721850062D651 /* dsa-phoenix-pub.pem */; };
		A79B89E01B5E74C1004DDE82 /* MainMenu.xib in Resources */ = {isa = PBXBuildFile; fileRef = A79B89DE1B5E74C1004DDE82 /* MainMenu.xib */; };
		A79B89E21B5E75CA004DDE82 /* ModalWindow.xib in Resources */ = {isa = PBXBuildFile; fileRef = A79B89E11B5E75CA004DDE82 /* ModalWindow.xib */; };
		A79C46601B5BF31200C460CF /* main.m in Sources */ = {isa = PBXBuildFile; fileRef = A79C465F1B5BF31200C460CF /* main.m */; };
		A79C46951B5BF3C100C460CF /* NSScreen+PHExtension.m in Sources */ = {isa = PBXBuildFile; fileRef = A79C467B1B5BF3C100C460CF /* NSScreen+PHExtension.m */; };
		A79C46971B5BF3C100C460CF /* PHApp.m in Sources */ = {isa = PBXBuildFile; fileRef = A79C467F1B5BF3C100C460CF /* PHApp.m */; };
		A79C46981B5BF3C100C460CF /* PHAppDelegate.m in Sources */ = {isa = PBXBuildFile; fileRef = A79C46811B5BF3C100C460CF /* PHAppDelegate.m */; };
		A79C46991B5BF3C100C460CF /* PHContext.m in Sources */ = {isa = PBXBuildFile; fileRef = A79C46831B5BF3C100C460CF /* PHContext.m */; };
		A79C469B1B5BF3C100C460CF /* PHMouse.m in Sources */ = {isa = PBXBuildFile; fileRef = A79C46871B5BF3C100C460CF /* PHMouse.m */; };
		A79C469D1B5BF3C100C460CF /* PHOpenAtLoginHelper.m in Sources */ = {isa = PBXBuildFile; fileRef = A79C468B1B5BF3C100C460CF /* PHOpenAtLoginHelper.m */; };
		A79C469E1B5BF3C100C460CF /* PHPathWatcher.m in Sources */ = {isa = PBXBuildFile; fileRef = A79C468D1B5BF3C100C460CF /* PHPathWatcher.m */; };
		A79C469F1B5BF3C100C460CF /* PHUniversalAccessHelper.m in Sources */ = {isa = PBXBuildFile; fileRef = A79C468F1B5BF3C100C460CF /* PHUniversalAccessHelper.m */; };
		A79C46A01B5BF3C100C460CF /* PHWindow.m in Sources */ = {isa = PBXBuildFile; fileRef = A79C46911B5BF3C100C460CF /* PHWindow.m */; };
		A79C46AA1B5BF41900C460CF /* Images.xcassets in Resources */ = {isa = PBXBuildFile; fileRef = A79C46A91B5BF41900C460CF /* Images.xcassets */; };
		A7D1D9A91B6FD6A300E00CC9 /* PHKeyTranslator.m in Sources */ = {isa = PBXBuildFile; fileRef = A7D1D9A81B6FD6A300E00CC9 /* PHKeyTranslator.m */; };
		A7D1F7651B5BFF5B0052E646 /* PhoenixTests.m in Sources */ = {isa = PBXBuildFile; fileRef = A7D1F7641B5BFF5B0052E646 /* PhoenixTests.m */; };
		A7E6DF6C1BBAB5B8001920B4 /* PHAXObserver.m in Sources */ = {isa = PBXBuildFile; fileRef = A7E6DF6B1BBAB5B8001920B4 /* PHAXObserver.m */; };
		A7E6DF6F1BBAC1F3001920B4 /* PHAccessibilityObserver.m in Sources */ = {isa = PBXBuildFile; fileRef = A7E6DF6E1BBAC1F3001920B4 /* PHAccessibilityObserver.m */; };
		A7F24F5F1C2728540013EBAE /* NSTask+PHExtension.m in Sources */ = {isa = PBXBuildFile; fileRef = A7F24F5E1C2728540013EBAE /* NSTask+PHExtension.m */; };
		B1CB3438E933A38FD2BBF573 /* libPods-Phoenix.a in Frameworks */ = {isa = PBXBuildFile; fileRef = DC5342E0734A711231D71BF1 /* libPods-Phoenix.a */; };
/* End PBXBuildFile section */

/* Begin PBXContainerItemProxy section */
		A79C466B1B5BF31200C460CF /* PBXContainerItemProxy */ = {
			isa = PBXContainerItemProxy;
			containerPortal = A79C464F1B5BF31100C460CF /* Project object */;
			proxyType = 1;
			remoteGlobalIDString = A79C46561B5BF31100C460CF;
			remoteInfo = Phoenix;
		};
/* End PBXContainerItemProxy section */

/* Begin PBXFileReference section */
		14DA76905814ABA3258EF84C /* Pods-Phoenix.debug.xcconfig */ = {isa = PBXFileReference; includeInIndex = 1; lastKnownFileType = text.xcconfig; name = "Pods-Phoenix.debug.xcconfig"; path = "Pods/Target Support Files/Pods-Phoenix/Pods-Phoenix.debug.xcconfig"; sourceTree = "<group>"; };
		1C93D6621BE11FF100649405 /* PHShebangPreprocessor.h */ = {isa = PBXFileReference; fileEncoding = 4; lastKnownFileType = sourcecode.c.h; path = PHShebangPreprocessor.h; sourceTree = "<group>"; };
		1C93D6631BE11FF100649405 /* PHShebangPreprocessor.m */ = {isa = PBXFileReference; fileEncoding = 4; lastKnownFileType = sourcecode.c.objc; path = PHShebangPreprocessor.m; sourceTree = "<group>"; };
		A7183B651B6E865F00842E13 /* PHKeyHandler.h */ = {isa = PBXFileReference; fileEncoding = 4; lastKnownFileType = sourcecode.c.h; path = PHKeyHandler.h; sourceTree = "<group>"; };
		A7183B661B6E865F00842E13 /* PHKeyHandler.m */ = {isa = PBXFileReference; fileEncoding = 4; lastKnownFileType = sourcecode.c.objc; path = PHKeyHandler.m; sourceTree = "<group>"; };
		A7288A331CC119BD00EC032B /* PHTimerHandler.h */ = {isa = PBXFileReference; fileEncoding = 4; lastKnownFileType = sourcecode.c.h; path = PHTimerHandler.h; sourceTree = "<group>"; };
		A7288A341CC119BD00EC032B /* PHTimerHandler.m */ = {isa = PBXFileReference; fileEncoding = 4; lastKnownFileType = sourcecode.c.objc; path = PHTimerHandler.m; sourceTree = "<group>"; };
		A7288A391CC14DF800EC032B /* PHWeakTimerTarget.h */ = {isa = PBXFileReference; fileEncoding = 4; lastKnownFileType = sourcecode.c.h; path = PHWeakTimerTarget.h; sourceTree = "<group>"; };
		A7288A3A1CC14DF800EC032B /* PHWeakTimerTarget.m */ = {isa = PBXFileReference; fileEncoding = 4; lastKnownFileType = sourcecode.c.objc; path = PHWeakTimerTarget.m; sourceTree = "<group>"; };
		A72A6B031B934C2000F2C4EF /* PHIdentifiableJSExport.h */ = {isa = PBXFileReference; lastKnownFileType = sourcecode.c.h; path = PHIdentifiableJSExport.h; sourceTree = "<group>"; };
		A72EAD031B5CE34800DD537B /* Credits.rtf */ = {isa = PBXFileReference; fileEncoding = 4; lastKnownFileType = text.rtf; path = Credits.rtf; sourceTree = "<group>"; };
		A72EAD051B5D00B800DD537B /* PHModalWindowController.h */ = {isa = PBXFileReference; fileEncoding = 4; lastKnownFileType = sourcecode.c.h; path = PHModalWindowController.h; sourceTree = "<group>"; };
		A72EAD061B5D00B800DD537B /* PHModalWindowController.m */ = {isa = PBXFileReference; fileEncoding = 4; lastKnownFileType = sourcecode.c.objc; path = PHModalWindowController.m; sourceTree = "<group>"; };
		A72ED7B41B6E25940064E35B /* PHPhoenix.h */ = {isa = PBXFileReference; fileEncoding = 4; lastKnownFileType = sourcecode.c.h; path = PHPhoenix.h; sourceTree = "<group>"; };
		A72ED7B51B6E25940064E35B /* PHPhoenix.m */ = {isa = PBXFileReference; fileEncoding = 4; lastKnownFileType = sourcecode.c.objc; path = PHPhoenix.m; sourceTree = "<group>"; };
		A731A7241C2C76B800EB9FD5 /* PHSpace.h */ = {isa = PBXFileReference; fileEncoding = 4; lastKnownFileType = sourcecode.c.h; path = PHSpace.h; sourceTree = "<group>"; };
		A731A7251C2C76B800EB9FD5 /* PHSpace.m */ = {isa = PBXFileReference; fileEncoding = 4; lastKnownFileType = sourcecode.c.objc; path = PHSpace.m; sourceTree = "<group>"; };
		A73C2CA91B9088040004C663 /* PHNotificationHelper.h */ = {isa = PBXFileReference; fileEncoding = 4; lastKnownFileType = sourcecode.c.h; path = PHNotificationHelper.h; sourceTree = "<group>"; };
		A73C2CAA1B9088040004C663 /* PHNotificationHelper.m */ = {isa = PBXFileReference; fileEncoding = 4; lastKnownFileType = sourcecode.c.objc; path = PHNotificationHelper.m; sourceTree = "<group>"; };
		A73FF10E1BBD982A0024CF97 /* PHEventConstants.h */ = {isa = PBXFileReference; lastKnownFileType = sourcecode.c.h; path = PHEventConstants.h; sourceTree = "<group>"; };
		A741336A1BB7EEAC008DAF39 /* PHHandler.h */ = {isa = PBXFileReference; fileEncoding = 4; lastKnownFileType = sourcecode.c.h; path = PHHandler.h; sourceTree = "<group>"; };
		A741336B1BB7EEAC008DAF39 /* PHHandler.m */ = {isa = PBXFileReference; fileEncoding = 4; lastKnownFileType = sourcecode.c.objc; path = PHHandler.m; sourceTree = "<group>"; };
		A741336D1BB7F228008DAF39 /* PHEventHandler.h */ = {isa = PBXFileReference; fileEncoding = 4; lastKnownFileType = sourcecode.c.h; path = PHEventHandler.h; sourceTree = "<group>"; };
		A741336E1BB7F228008DAF39 /* PHEventHandler.m */ = {isa = PBXFileReference; fileEncoding = 4; lastKnownFileType = sourcecode.c.objc; path = PHEventHandler.m; sourceTree = "<group>"; };
		A74133701BB7F556008DAF39 /* PHEventTranslator.h */ = {isa = PBXFileReference; fileEncoding = 4; lastKnownFileType = sourcecode.c.h; path = PHEventTranslator.h; sourceTree = "<group>"; };
		A74133711BB7F556008DAF39 /* PHEventTranslator.m */ = {isa = PBXFileReference; fileEncoding = 4; lastKnownFileType = sourcecode.c.objc; path = PHEventTranslator.m; sourceTree = "<group>"; };
		A747A90D1D2D054B007101F0 /* PHStorage.h */ = {isa = PBXFileReference; fileEncoding = 4; lastKnownFileType = sourcecode.c.h; path = PHStorage.h; sourceTree = "<group>"; };
		A747A90E1D2D054B007101F0 /* PHStorage.m */ = {isa = PBXFileReference; fileEncoding = 4; lastKnownFileType = sourcecode.c.objc; path = PHStorage.m; sourceTree = "<group>"; };
		A76247881B81FD3C00ECF209 /* PHAXUIElement.h */ = {isa = PBXFileReference; fileEncoding = 4; lastKnownFileType = sourcecode.c.h; path = PHAXUIElement.h; sourceTree = "<group>"; };
		A76247891B81FD3C00ECF209 /* PHAXUIElement.m */ = {isa = PBXFileReference; fileEncoding = 4; lastKnownFileType = sourcecode.c.objc; path = PHAXUIElement.m; sourceTree = "<group>"; };
		A76D0F121D2540F900060CA7 /* PHTaskHandler.h */ = {isa = PBXFileReference; fileEncoding = 4; lastKnownFileType = sourcecode.c.h; path = PHTaskHandler.h; sourceTree = "<group>"; };
		A76D0F131D2540F900060CA7 /* PHTaskHandler.m */ = {isa = PBXFileReference; fileEncoding = 4; lastKnownFileType = sourcecode.c.objc; path = PHTaskHandler.m; sourceTree = "<group>"; };
		A7741A271D2BBF55009E8A2F /* PHGlobalEventMonitor.h */ = {isa = PBXFileReference; fileEncoding = 4; lastKnownFileType = sourcecode.c.h; path = PHGlobalEventMonitor.h; sourceTree = "<group>"; };
		A7741A281D2BBF55009E8A2F /* PHGlobalEventMonitor.m */ = {isa = PBXFileReference; fileEncoding = 4; lastKnownFileType = sourcecode.c.objc; path = PHGlobalEventMonitor.m; sourceTree = "<group>"; };
		A77AB3251DD73F00003B5872 /* lodash.min.js */ = {isa = PBXFileReference; fileEncoding = 4; lastKnownFileType = sourcecode.javascript; path = lodash.min.js; sourceTree = "<group>"; };
		A77AB3271DD75715003B5872 /* phoenix.min.js */ = {isa = PBXFileReference; fileEncoding = 4; lastKnownFileType = sourcecode.javascript; path = phoenix.min.js; sourceTree = "<group>"; };
		A78566CF1CBE77CD00036AF9 /* PHPreferences.h */ = {isa = PBXFileReference; fileEncoding = 4; lastKnownFileType = sourcecode.c.h; path = PHPreferences.h; sourceTree = "<group>"; };
		A78566D01CBE77CD00036AF9 /* PHPreferences.m */ = {isa = PBXFileReference; fileEncoding = 4; lastKnownFileType = sourcecode.c.objc; path = PHPreferences.m; sourceTree = "<group>"; };
		A78749621CA2BB440042DA4C /* NSProcessInfo+PHExtension.h */ = {isa = PBXFileReference; fileEncoding = 4; lastKnownFileType = sourcecode.c.h; path = "NSProcessInfo+PHExtension.h"; sourceTree = "<group>"; };
		A78749631CA2BB440042DA4C /* NSProcessInfo+PHExtension.m */ = {isa = PBXFileReference; fileEncoding = 4; lastKnownFileType = sourcecode.c.objc; path = "NSProcessInfo+PHExtension.m"; sourceTree = "<group>"; };
		A79452401C2F35E3007AF8C5 /* NSArray+PHExtension.h */ = {isa = PBXFileReference; fileEncoding = 4; lastKnownFileType = sourcecode.c.h; path = "NSArray+PHExtension.h"; sourceTree = "<group>"; };
		A79452411C2F35E3007AF8C5 /* NSArray+PHExtension.m */ = {isa = PBXFileReference; fileEncoding = 4; lastKnownFileType = sourcecode.c.objc; path = "NSArray+PHExtension.m"; sourceTree = "<group>"; };
		A79452431C2F393A007AF8C5 /* PHIterableJSExport.h */ = {isa = PBXFileReference; lastKnownFileType = sourcecode.c.h; path = PHIterableJSExport.h; sourceTree = "<group>"; };
		A7952E7D1C0721850062D651 /* dsa-phoenix-pub.pem */ = {isa = PBXFileReference; fileEncoding = 4; lastKnownFileType = text; path = "dsa-phoenix-pub.pem"; sourceTree = "<group>"; };
		A79B89DF1B5E74C1004DDE82 /* Base */ = {isa = PBXFileReference; lastKnownFileType = file.xib; name = Base; path = Base.lproj/MainMenu.xib; sourceTree = "<group>"; };
		A79B89E11B5E75CA004DDE82 /* ModalWindow.xib */ = {isa = PBXFileReference; fileEncoding = 4; lastKnownFileType = file.xib; path = ModalWindow.xib; sourceTree = "<group>"; };
		A79C46571B5BF31100C460CF /* Phoenix.app */ = {isa = PBXFileReference; explicitFileType = wrapper.application; includeInIndex = 0; path = Phoenix.app; sourceTree = BUILT_PRODUCTS_DIR; };
		A79C465B1B5BF31100C460CF /* Info.plist */ = {isa = PBXFileReference; lastKnownFileType = text.plist.xml; path = Info.plist; sourceTree = "<group>"; };
		A79C465F1B5BF31200C460CF /* main.m */ = {isa = PBXFileReference; lastKnownFileType = sourcecode.c.objc; path = main.m; sourceTree = "<group>"; };
		A79C466A1B5BF31200C460CF /* PhoenixTests.xctest */ = {isa = PBXFileReference; explicitFileType = wrapper.cfbundle; includeInIndex = 0; path = PhoenixTests.xctest; sourceTree = BUILT_PRODUCTS_DIR; };
		A79C466F1B5BF31200C460CF /* Info.plist */ = {isa = PBXFileReference; lastKnownFileType = text.plist.xml; path = Info.plist; sourceTree = "<group>"; };
		A79C467A1B5BF3C100C460CF /* NSScreen+PHExtension.h */ = {isa = PBXFileReference; fileEncoding = 4; lastKnownFileType = sourcecode.c.h; path = "NSScreen+PHExtension.h"; sourceTree = "<group>"; };
		A79C467B1B5BF3C100C460CF /* NSScreen+PHExtension.m */ = {isa = PBXFileReference; fileEncoding = 4; lastKnownFileType = sourcecode.c.objc; path = "NSScreen+PHExtension.m"; sourceTree = "<group>"; };
		A79C467E1B5BF3C100C460CF /* PHApp.h */ = {isa = PBXFileReference; fileEncoding = 4; lastKnownFileType = sourcecode.c.h; path = PHApp.h; sourceTree = "<group>"; };
		A79C467F1B5BF3C100C460CF /* PHApp.m */ = {isa = PBXFileReference; fileEncoding = 4; lastKnownFileType = sourcecode.c.objc; path = PHApp.m; sourceTree = "<group>"; };
		A79C46801B5BF3C100C460CF /* PHAppDelegate.h */ = {isa = PBXFileReference; fileEncoding = 4; lastKnownFileType = sourcecode.c.h; path = PHAppDelegate.h; sourceTree = "<group>"; };
		A79C46811B5BF3C100C460CF /* PHAppDelegate.m */ = {isa = PBXFileReference; fileEncoding = 4; lastKnownFileType = sourcecode.c.objc; path = PHAppDelegate.m; sourceTree = "<group>"; };
		A79C46821B5BF3C100C460CF /* PHContext.h */ = {isa = PBXFileReference; fileEncoding = 4; lastKnownFileType = sourcecode.c.h; path = PHContext.h; sourceTree = "<group>"; };
		A79C46831B5BF3C100C460CF /* PHContext.m */ = {isa = PBXFileReference; fileEncoding = 4; lastKnownFileType = sourcecode.c.objc; path = PHContext.m; sourceTree = "<group>"; };
		A79C46861B5BF3C100C460CF /* PHMouse.h */ = {isa = PBXFileReference; fileEncoding = 4; lastKnownFileType = sourcecode.c.h; path = PHMouse.h; sourceTree = "<group>"; };
		A79C46871B5BF3C100C460CF /* PHMouse.m */ = {isa = PBXFileReference; fileEncoding = 4; lastKnownFileType = sourcecode.c.objc; path = PHMouse.m; sourceTree = "<group>"; };
		A79C468A1B5BF3C100C460CF /* PHOpenAtLoginHelper.h */ = {isa = PBXFileReference; fileEncoding = 4; lastKnownFileType = sourcecode.c.h; path = PHOpenAtLoginHelper.h; sourceTree = "<group>"; };
		A79C468B1B5BF3C100C460CF /* PHOpenAtLoginHelper.m */ = {isa = PBXFileReference; fileEncoding = 4; lastKnownFileType = sourcecode.c.objc; path = PHOpenAtLoginHelper.m; sourceTree = "<group>"; };
		A79C468C1B5BF3C100C460CF /* PHPathWatcher.h */ = {isa = PBXFileReference; fileEncoding = 4; lastKnownFileType = sourcecode.c.h; path = PHPathWatcher.h; sourceTree = "<group>"; };
		A79C468D1B5BF3C100C460CF /* PHPathWatcher.m */ = {isa = PBXFileReference; fileEncoding = 4; lastKnownFileType = sourcecode.c.objc; path = PHPathWatcher.m; sourceTree = "<group>"; };
		A79C468E1B5BF3C100C460CF /* PHUniversalAccessHelper.h */ = {isa = PBXFileReference; fileEncoding = 4; lastKnownFileType = sourcecode.c.h; path = PHUniversalAccessHelper.h; sourceTree = "<group>"; };
		A79C468F1B5BF3C100C460CF /* PHUniversalAccessHelper.m */ = {isa = PBXFileReference; fileEncoding = 4; lastKnownFileType = sourcecode.c.objc; path = PHUniversalAccessHelper.m; sourceTree = "<group>"; };
		A79C46901B5BF3C100C460CF /* PHWindow.h */ = {isa = PBXFileReference; fileEncoding = 4; lastKnownFileType = sourcecode.c.h; path = PHWindow.h; sourceTree = "<group>"; };
		A79C46911B5BF3C100C460CF /* PHWindow.m */ = {isa = PBXFileReference; fileEncoding = 4; lastKnownFileType = sourcecode.c.objc; path = PHWindow.m; sourceTree = "<group>"; };
		A79C46A91B5BF41900C460CF /* Images.xcassets */ = {isa = PBXFileReference; lastKnownFileType = folder.assetcatalog; path = Images.xcassets; sourceTree = "<group>"; };
		A7D1D9A71B6FD6A300E00CC9 /* PHKeyTranslator.h */ = {isa = PBXFileReference; fileEncoding = 4; lastKnownFileType = sourcecode.c.h; path = PHKeyTranslator.h; sourceTree = "<group>"; };
		A7D1D9A81B6FD6A300E00CC9 /* PHKeyTranslator.m */ = {isa = PBXFileReference; fileEncoding = 4; lastKnownFileType = sourcecode.c.objc; path = PHKeyTranslator.m; sourceTree = "<group>"; };
		A7D1F7641B5BFF5B0052E646 /* PhoenixTests.m */ = {isa = PBXFileReference; fileEncoding = 4; lastKnownFileType = sourcecode.c.objc; path = PhoenixTests.m; sourceTree = "<group>"; };
		A7E6DF6A1BBAB5B8001920B4 /* PHAXObserver.h */ = {isa = PBXFileReference; fileEncoding = 4; lastKnownFileType = sourcecode.c.h; path = PHAXObserver.h; sourceTree = "<group>"; };
		A7E6DF6B1BBAB5B8001920B4 /* PHAXObserver.m */ = {isa = PBXFileReference; fileEncoding = 4; lastKnownFileType = sourcecode.c.objc; path = PHAXObserver.m; sourceTree = "<group>"; };
		A7E6DF6D1BBAC1F3001920B4 /* PHAccessibilityObserver.h */ = {isa = PBXFileReference; fileEncoding = 4; lastKnownFileType = sourcecode.c.h; path = PHAccessibilityObserver.h; sourceTree = "<group>"; };
		A7E6DF6E1BBAC1F3001920B4 /* PHAccessibilityObserver.m */ = {isa = PBXFileReference; fileEncoding = 4; lastKnownFileType = sourcecode.c.objc; path = PHAccessibilityObserver.m; sourceTree = "<group>"; };
		A7EBD1C21BFDF8CE000D8E5F /* PHPreprocessor.h */ = {isa = PBXFileReference; lastKnownFileType = sourcecode.c.h; path = PHPreprocessor.h; sourceTree = "<group>"; };
		A7F24F5D1C2728540013EBAE /* NSTask+PHExtension.h */ = {isa = PBXFileReference; fileEncoding = 4; lastKnownFileType = sourcecode.c.h; path = "NSTask+PHExtension.h"; sourceTree = "<group>"; };
		A7F24F5E1C2728540013EBAE /* NSTask+PHExtension.m */ = {isa = PBXFileReference; fileEncoding = 4; lastKnownFileType = sourcecode.c.objc; path = "NSTask+PHExtension.m"; sourceTree = "<group>"; };
		DC5342E0734A711231D71BF1 /* libPods-Phoenix.a */ = {isa = PBXFileReference; explicitFileType = archive.ar; includeInIndex = 0; path = "libPods-Phoenix.a"; sourceTree = BUILT_PRODUCTS_DIR; };
		DF23C77C388EEDB5B63E6130 /* Pods-Phoenix.release.xcconfig */ = {isa = PBXFileReference; includeInIndex = 1; lastKnownFileType = text.xcconfig; name = "Pods-Phoenix.release.xcconfig"; path = "Pods/Target Support Files/Pods-Phoenix/Pods-Phoenix.release.xcconfig"; sourceTree = "<group>"; };
/* End PBXFileReference section */

/* Begin PBXFrameworksBuildPhase section */
		A79C46541B5BF31100C460CF /* Frameworks */ = {
			isa = PBXFrameworksBuildPhase;
			buildActionMask = 2147483647;
			files = (
				B1CB3438E933A38FD2BBF573 /* libPods-Phoenix.a in Frameworks */,
			);
			runOnlyForDeploymentPostprocessing = 0;
		};
		A79C46671B5BF31200C460CF /* Frameworks */ = {
			isa = PBXFrameworksBuildPhase;
			buildActionMask = 2147483647;
			files = (
			);
			runOnlyForDeploymentPostprocessing = 0;
		};
/* End PBXFrameworksBuildPhase section */

/* Begin PBXGroup section */
		2CE9C194092BF570024CE706 /* Pods */ = {
			isa = PBXGroup;
			children = (
				14DA76905814ABA3258EF84C /* Pods-Phoenix.debug.xcconfig */,
				DF23C77C388EEDB5B63E6130 /* Pods-Phoenix.release.xcconfig */,
			);
			name = Pods;
			sourceTree = "<group>";
		};
		3FD1F01694B5F862DC0938DA /* Frameworks */ = {
			isa = PBXGroup;
			children = (
				DC5342E0734A711231D71BF1 /* libPods-Phoenix.a */,
			);
			name = Frameworks;
			sourceTree = "<group>";
		};
		A72F1D761B89CE3E00835FBF /* Elements */ = {
			isa = PBXGroup;
			children = (
				A79C467E1B5BF3C100C460CF /* PHApp.h */,
				A79C467F1B5BF3C100C460CF /* PHApp.m */,
				A72A6B031B934C2000F2C4EF /* PHIdentifiableJSExport.h */,
				A79452431C2F393A007AF8C5 /* PHIterableJSExport.h */,
				A72EAD051B5D00B800DD537B /* PHModalWindowController.h */,
				A72EAD061B5D00B800DD537B /* PHModalWindowController.m */,
				A79C46861B5BF3C100C460CF /* PHMouse.h */,
				A79C46871B5BF3C100C460CF /* PHMouse.m */,
				A72ED7B41B6E25940064E35B /* PHPhoenix.h */,
				A72ED7B51B6E25940064E35B /* PHPhoenix.m */,
				A731A7241C2C76B800EB9FD5 /* PHSpace.h */,
				A731A7251C2C76B800EB9FD5 /* PHSpace.m */,
				A79C46901B5BF3C100C460CF /* PHWindow.h */,
				A79C46911B5BF3C100C460CF /* PHWindow.m */,
			);
			name = Elements;
			sourceTree = "<group>";
		};
		A73FF10B1BBD8D970024CF97 /* Helpers */ = {
			isa = PBXGroup;
			children = (
				A73C2CA91B9088040004C663 /* PHNotificationHelper.h */,
				A73C2CAA1B9088040004C663 /* PHNotificationHelper.m */,
				A79C468A1B5BF3C100C460CF /* PHOpenAtLoginHelper.h */,
				A79C468B1B5BF3C100C460CF /* PHOpenAtLoginHelper.m */,
				A79C468E1B5BF3C100C460CF /* PHUniversalAccessHelper.h */,
				A79C468F1B5BF3C100C460CF /* PHUniversalAccessHelper.m */,
			);
			name = Helpers;
			sourceTree = "<group>";
		};
		A73FF10C1BBD8F350024CF97 /* Translators */ = {
			isa = PBXGroup;
			children = (
				A74133701BB7F556008DAF39 /* PHEventTranslator.h */,
				A74133711BB7F556008DAF39 /* PHEventTranslator.m */,
				A7D1D9A71B6FD6A300E00CC9 /* PHKeyTranslator.h */,
				A7D1D9A81B6FD6A300E00CC9 /* PHKeyTranslator.m */,
			);
			name = Translators;
			sourceTree = "<group>";
		};
		A77952C31BBE7C7B00FC8D38 /* Handlers */ = {
			isa = PBXGroup;
			children = (
				A73FF10E1BBD982A0024CF97 /* PHEventConstants.h */,
				A741336D1BB7F228008DAF39 /* PHEventHandler.h */,
				A741336E1BB7F228008DAF39 /* PHEventHandler.m */,
				A741336A1BB7EEAC008DAF39 /* PHHandler.h */,
				A741336B1BB7EEAC008DAF39 /* PHHandler.m */,
				A7183B651B6E865F00842E13 /* PHKeyHandler.h */,
				A7183B661B6E865F00842E13 /* PHKeyHandler.m */,
				A76D0F121D2540F900060CA7 /* PHTaskHandler.h */,
				A76D0F131D2540F900060CA7 /* PHTaskHandler.m */,
				A7288A331CC119BD00EC032B /* PHTimerHandler.h */,
				A7288A341CC119BD00EC032B /* PHTimerHandler.m */,
				A7288A391CC14DF800EC032B /* PHWeakTimerTarget.h */,
				A7288A3A1CC14DF800EC032B /* PHWeakTimerTarget.m */,
			);
			name = Handlers;
			sourceTree = "<group>";
		};
		A77952C41BBE7CCD00FC8D38 /* Accessibility */ = {
			isa = PBXGroup;
			children = (
				A7E6DF6A1BBAB5B8001920B4 /* PHAXObserver.h */,
				A7E6DF6B1BBAB5B8001920B4 /* PHAXObserver.m */,
				A76247881B81FD3C00ECF209 /* PHAXUIElement.h */,
				A76247891B81FD3C00ECF209 /* PHAXUIElement.m */,
			);
			name = Accessibility;
			sourceTree = "<group>";
		};
		A77952C51BBE7D2200FC8D38 /* Extensions */ = {
			isa = PBXGroup;
			children = (
				A79452401C2F35E3007AF8C5 /* NSArray+PHExtension.h */,
				A79452411C2F35E3007AF8C5 /* NSArray+PHExtension.m */,
				A78749621CA2BB440042DA4C /* NSProcessInfo+PHExtension.h */,
				A78749631CA2BB440042DA4C /* NSProcessInfo+PHExtension.m */,
				A79C467A1B5BF3C100C460CF /* NSScreen+PHExtension.h */,
				A79C467B1B5BF3C100C460CF /* NSScreen+PHExtension.m */,
				A7F24F5D1C2728540013EBAE /* NSTask+PHExtension.h */,
				A7F24F5E1C2728540013EBAE /* NSTask+PHExtension.m */,
			);
			name = Extensions;
			sourceTree = "<group>";
		};
		A77952C61BBE7E0300FC8D38 /* Observers */ = {
			isa = PBXGroup;
			children = (
				A7E6DF6D1BBAC1F3001920B4 /* PHAccessibilityObserver.h */,
				A7E6DF6E1BBAC1F3001920B4 /* PHAccessibilityObserver.m */,
				A7741A271D2BBF55009E8A2F /* PHGlobalEventMonitor.h */,
				A7741A281D2BBF55009E8A2F /* PHGlobalEventMonitor.m */,
				A79C468C1B5BF3C100C460CF /* PHPathWatcher.h */,
				A79C468D1B5BF3C100C460CF /* PHPathWatcher.m */,
			);
			name = Observers;
			sourceTree = "<group>";
		};
		A77952C71BBE7E3E00FC8D38 /* Context */ = {
			isa = PBXGroup;
			children = (
				A79C46821B5BF3C100C460CF /* PHContext.h */,
				A79C46831B5BF3C100C460CF /* PHContext.m */,
				A78566CF1CBE77CD00036AF9 /* PHPreferences.h */,
				A78566D01CBE77CD00036AF9 /* PHPreferences.m */,
				A747A90D1D2D054B007101F0 /* PHStorage.h */,
				A747A90E1D2D054B007101F0 /* PHStorage.m */,
			);
			name = Context;
			sourceTree = "<group>";
		};
		A79C464E1B5BF31100C460CF = {
			isa = PBXGroup;
			children = (
				A79C46591B5BF31100C460CF /* Phoenix */,
				A79C466D1B5BF31200C460CF /* PhoenixTests */,
				A79C46581B5BF31100C460CF /* Products */,
				2CE9C194092BF570024CE706 /* Pods */,
				3FD1F01694B5F862DC0938DA /* Frameworks */,
			);
			sourceTree = "<group>";
			usesTabs = 0;
		};
		A79C46581B5BF31100C460CF /* Products */ = {
			isa = PBXGroup;
			children = (
				A79C46571B5BF31100C460CF /* Phoenix.app */,
				A79C466A1B5BF31200C460CF /* PhoenixTests.xctest */,
			);
			name = Products;
			sourceTree = "<group>";
		};
		A79C46591B5BF31100C460CF /* Phoenix */ = {
			isa = PBXGroup;
			children = (
				A77952C41BBE7CCD00FC8D38 /* Accessibility */,
				A77952C71BBE7E3E00FC8D38 /* Context */,
				A72F1D761B89CE3E00835FBF /* Elements */,
				A77952C51BBE7D2200FC8D38 /* Extensions */,
				A77952C31BBE7C7B00FC8D38 /* Handlers */,
				A73FF10B1BBD8D970024CF97 /* Helpers */,
				A79C46A91B5BF41900C460CF /* Images.xcassets */,
				A79B89DE1B5E74C1004DDE82 /* MainMenu.xib */,
				A79B89E11B5E75CA004DDE82 /* ModalWindow.xib */,
				A77952C61BBE7E0300FC8D38 /* Observers */,
				A79C46801B5BF3C100C460CF /* PHAppDelegate.h */,
				A79C46811B5BF3C100C460CF /* PHAppDelegate.m */,
				A7EBD1C11BFDF7E1000D8E5F /* Preprocessors */,
				A79C465A1B5BF31100C460CF /* Supporting Files */,
				A73FF10C1BBD8F350024CF97 /* Translators */,
			);
			path = Phoenix;
			sourceTree = "<group>";
		};
		A79C465A1B5BF31100C460CF /* Supporting Files */ = {
			isa = PBXGroup;
			children = (
				A72EAD031B5CE34800DD537B /* Credits.rtf */,
				A7952E7D1C0721850062D651 /* dsa-phoenix-pub.pem */,
				A79C465B1B5BF31100C460CF /* Info.plist */,
				A77AB3251DD73F00003B5872 /* lodash.min.js */,
				A79C465F1B5BF31200C460CF /* main.m */,
				A77AB3271DD75715003B5872 /* phoenix.min.js */,
			);
			name = "Supporting Files";
			sourceTree = "<group>";
		};
		A79C466D1B5BF31200C460CF /* PhoenixTests */ = {
			isa = PBXGroup;
			children = (
				A7D1F7641B5BFF5B0052E646 /* PhoenixTests.m */,
				A79C466E1B5BF31200C460CF /* Supporting Files */,
			);
			path = PhoenixTests;
			sourceTree = "<group>";
		};
		A79C466E1B5BF31200C460CF /* Supporting Files */ = {
			isa = PBXGroup;
			children = (
				A79C466F1B5BF31200C460CF /* Info.plist */,
			);
			name = "Supporting Files";
			sourceTree = "<group>";
		};
		A7EBD1C11BFDF7E1000D8E5F /* Preprocessors */ = {
			isa = PBXGroup;
			children = (
				A7EBD1C21BFDF8CE000D8E5F /* PHPreprocessor.h */,
				1C93D6621BE11FF100649405 /* PHShebangPreprocessor.h */,
				1C93D6631BE11FF100649405 /* PHShebangPreprocessor.m */,
			);
			name = Preprocessors;
			sourceTree = "<group>";
		};
/* End PBXGroup section */

/* Begin PBXNativeTarget section */
		A79C46561B5BF31100C460CF /* Phoenix */ = {
			isa = PBXNativeTarget;
			buildConfigurationList = A79C46741B5BF31200C460CF /* Build configuration list for PBXNativeTarget "Phoenix" */;
			buildPhases = (
				A7A6F57F1D1AD4CD000A0E5E /* Grunt */,
				A32B0CB41F9B8F1C428EE663 /* [CP] Check Pods Manifest.lock */,
				A79C46531B5BF31100C460CF /* Sources */,
				A79C46541B5BF31100C460CF /* Frameworks */,
				A79C46551B5BF31100C460CF /* Resources */,
				D24256909AA421FF1865E794 /* [CP] Embed Pods Frameworks */,
				E3056907A6DCD4BB1BF0E3E0 /* [CP] Copy Pods Resources */,
				A7C58EEF1C065C8A00180664 /* Sign Sparkle */,
			);
			buildRules = (
			);
			dependencies = (
			);
			name = Phoenix;
			productName = Phoenix;
			productReference = A79C46571B5BF31100C460CF /* Phoenix.app */;
			productType = "com.apple.product-type.application";
		};
		A79C46691B5BF31200C460CF /* PhoenixTests */ = {
			isa = PBXNativeTarget;
			buildConfigurationList = A79C46771B5BF31200C460CF /* Build configuration list for PBXNativeTarget "PhoenixTests" */;
			buildPhases = (
				A79C46661B5BF31200C460CF /* Sources */,
				A79C46671B5BF31200C460CF /* Frameworks */,
				A79C46681B5BF31200C460CF /* Resources */,
			);
			buildRules = (
			);
			dependencies = (
				A79C466C1B5BF31200C460CF /* PBXTargetDependency */,
			);
			name = PhoenixTests;
			productName = PhoenixTests;
			productReference = A79C466A1B5BF31200C460CF /* PhoenixTests.xctest */;
			productType = "com.apple.product-type.bundle.unit-test";
		};
/* End PBXNativeTarget section */

/* Begin PBXProject section */
		A79C464F1B5BF31100C460CF /* Project object */ = {
			isa = PBXProject;
			attributes = {
				CLASSPREFIX = PH;
				LastUpgradeCheck = 0810;
				ORGANIZATIONNAME = Phoenix;
				TargetAttributes = {
					A79C46561B5BF31100C460CF = {
						CreatedOnToolsVersion = 6.4;
					};
					A79C46691B5BF31200C460CF = {
						CreatedOnToolsVersion = 6.4;
						TestTargetID = A79C46561B5BF31100C460CF;
					};
				};
			};
			buildConfigurationList = A79C46521B5BF31100C460CF /* Build configuration list for PBXProject "Phoenix" */;
			compatibilityVersion = "Xcode 6.3";
			developmentRegion = English;
			hasScannedForEncodings = 0;
			knownRegions = (
				en,
				Base,
			);
			mainGroup = A79C464E1B5BF31100C460CF;
			productRefGroup = A79C46581B5BF31100C460CF /* Products */;
			projectDirPath = "";
			projectRoot = "";
			targets = (
				A79C46561B5BF31100C460CF /* Phoenix */,
				A79C46691B5BF31200C460CF /* PhoenixTests */,
			);
		};
/* End PBXProject section */

/* Begin PBXResourcesBuildPhase section */
		A79C46551B5BF31100C460CF /* Resources */ = {
			isa = PBXResourcesBuildPhase;
			buildActionMask = 2147483647;
			files = (
				A79B89E21B5E75CA004DDE82 /* ModalWindow.xib in Resources */,
				A79C46AA1B5BF41900C460CF /* Images.xcassets in Resources */,
				A72EAD041B5CE34800DD537B /* Credits.rtf in Resources */,
				A77AB3281DD75715003B5872 /* phoenix.min.js in Resources */,
				A79B89E01B5E74C1004DDE82 /* MainMenu.xib in Resources */,
				A77AB3261DD73F00003B5872 /* lodash.min.js in Resources */,
				A7952E7E1C0721850062D651 /* dsa-phoenix-pub.pem in Resources */,
			);
			runOnlyForDeploymentPostprocessing = 0;
		};
		A79C46681B5BF31200C460CF /* Resources */ = {
			isa = PBXResourcesBuildPhase;
			buildActionMask = 2147483647;
			files = (
			);
			runOnlyForDeploymentPostprocessing = 0;
		};
/* End PBXResourcesBuildPhase section */

/* Begin PBXShellScriptBuildPhase section */
		A32B0CB41F9B8F1C428EE663 /* [CP] Check Pods Manifest.lock */ = {
			isa = PBXShellScriptBuildPhase;
			buildActionMask = 2147483647;
			files = (
			);
			inputPaths = (
			);
			name = "[CP] Check Pods Manifest.lock";
			outputPaths = (
			);
			runOnlyForDeploymentPostprocessing = 0;
			shellPath = /bin/sh;
			shellScript = "diff \"${PODS_ROOT}/../Podfile.lock\" \"${PODS_ROOT}/Manifest.lock\" > /dev/null\nif [ $? != 0 ] ; then\n    # print error to STDERR\n    echo \"error: The sandbox is not in sync with the Podfile.lock. Run 'pod install' or update your CocoaPods installation.\" >&2\n    exit 1\nfi\n";
			showEnvVarsInLog = 0;
		};
		A7A6F57F1D1AD4CD000A0E5E /* Grunt */ = {
			isa = PBXShellScriptBuildPhase;
			buildActionMask = 2147483647;
			files = (
			);
			inputPaths = (
			);
			name = Grunt;
			outputPaths = (
			);
			runOnlyForDeploymentPostprocessing = 0;
			shellPath = /bin/sh;
			shellScript = "if command -v grunt; then\n    grunt\nfi\n";
			showEnvVarsInLog = 0;
		};
		A7C58EEF1C065C8A00180664 /* Sign Sparkle */ = {
			isa = PBXShellScriptBuildPhase;
			buildActionMask = 2147483647;
			files = (
			);
			inputPaths = (
			);
			name = "Sign Sparkle";
			outputPaths = (
			);
			runOnlyForDeploymentPostprocessing = 0;
			shellPath = /bin/sh;
			shellScript = "LOCATION=\"${BUILT_PRODUCTS_DIR}/${FRAMEWORKS_FOLDER_PATH}\"\ncodesign --verbose --force --sign \"$CODE_SIGN_IDENTITY\" \"$LOCATION/Sparkle.framework/Versions/A\"\n";
			showEnvVarsInLog = 0;
		};
		D24256909AA421FF1865E794 /* [CP] Embed Pods Frameworks */ = {
			isa = PBXShellScriptBuildPhase;
			buildActionMask = 2147483647;
			files = (
			);
			inputPaths = (
			);
			name = "[CP] Embed Pods Frameworks";
			outputPaths = (
			);
			runOnlyForDeploymentPostprocessing = 0;
			shellPath = /bin/sh;
			shellScript = "\"${SRCROOT}/Pods/Target Support Files/Pods-Phoenix/Pods-Phoenix-frameworks.sh\"\n";
			showEnvVarsInLog = 0;
		};
		E3056907A6DCD4BB1BF0E3E0 /* [CP] Copy Pods Resources */ = {
			isa = PBXShellScriptBuildPhase;
			buildActionMask = 2147483647;
			files = (
			);
			inputPaths = (
			);
			name = "[CP] Copy Pods Resources";
			outputPaths = (
			);
			runOnlyForDeploymentPostprocessing = 0;
			shellPath = /bin/sh;
			shellScript = "\"${SRCROOT}/Pods/Target Support Files/Pods-Phoenix/Pods-Phoenix-resources.sh\"\n";
			showEnvVarsInLog = 0;
		};
/* End PBXShellScriptBuildPhase section */

/* Begin PBXSourcesBuildPhase section */
		A79C46531B5BF31100C460CF /* Sources */ = {
			isa = PBXSourcesBuildPhase;
			buildActionMask = 2147483647;
			files = (
				A79C46991B5BF3C100C460CF /* PHContext.m in Sources */,
				A79C46951B5BF3C100C460CF /* NSScreen+PHExtension.m in Sources */,
				A79C469B1B5BF3C100C460CF /* PHMouse.m in Sources */,
				A762478A1B81FD3C00ECF209 /* PHAXUIElement.m in Sources */,
				A76D0F141D2540F900060CA7 /* PHTaskHandler.m in Sources */,
				A79C469F1B5BF3C100C460CF /* PHUniversalAccessHelper.m in Sources */,
				A78749641CA2BB440042DA4C /* NSProcessInfo+PHExtension.m in Sources */,
				A79C46601B5BF31200C460CF /* main.m in Sources */,
				A79C46981B5BF3C100C460CF /* PHAppDelegate.m in Sources */,
				A7288A3B1CC14DF800EC032B /* PHWeakTimerTarget.m in Sources */,
				A72ED7B61B6E25940064E35B /* PHPhoenix.m in Sources */,
				A73C2CAB1B9088040004C663 /* PHNotificationHelper.m in Sources */,
				A74133721BB7F556008DAF39 /* PHEventTranslator.m in Sources */,
				A7E6DF6F1BBAC1F3001920B4 /* PHAccessibilityObserver.m in Sources */,
				A79C46971B5BF3C100C460CF /* PHApp.m in Sources */,
				1C93D6641BE11FF100649405 /* PHShebangPreprocessor.m in Sources */,
				A7D1D9A91B6FD6A300E00CC9 /* PHKeyTranslator.m in Sources */,
				A78566D11CBE77CD00036AF9 /* PHPreferences.m in Sources */,
				A79C46A01B5BF3C100C460CF /* PHWindow.m in Sources */,
				A747A90F1D2D054B007101F0 /* PHStorage.m in Sources */,
				A7288A351CC119BD00EC032B /* PHTimerHandler.m in Sources */,
				A72EAD071B5D00B800DD537B /* PHModalWindowController.m in Sources */,
				A741336C1BB7EEAC008DAF39 /* PHHandler.m in Sources */,
				A741336F1BB7F228008DAF39 /* PHEventHandler.m in Sources */,
				A7741A291D2BBF55009E8A2F /* PHGlobalEventMonitor.m in Sources */,
				A7F24F5F1C2728540013EBAE /* NSTask+PHExtension.m in Sources */,
				A7183B671B6E865F00842E13 /* PHKeyHandler.m in Sources */,
				A79C469D1B5BF3C100C460CF /* PHOpenAtLoginHelper.m in Sources */,
				A79452421C2F35E3007AF8C5 /* NSArray+PHExtension.m in Sources */,
				A731A7261C2C76B800EB9FD5 /* PHSpace.m in Sources */,
				A7E6DF6C1BBAB5B8001920B4 /* PHAXObserver.m in Sources */,
				A79C469E1B5BF3C100C460CF /* PHPathWatcher.m in Sources */,
			);
			runOnlyForDeploymentPostprocessing = 0;
		};
		A79C46661B5BF31200C460CF /* Sources */ = {
			isa = PBXSourcesBuildPhase;
			buildActionMask = 2147483647;
			files = (
				A7D1F7651B5BFF5B0052E646 /* PhoenixTests.m in Sources */,
			);
			runOnlyForDeploymentPostprocessing = 0;
		};
/* End PBXSourcesBuildPhase section */

/* Begin PBXTargetDependency section */
		A79C466C1B5BF31200C460CF /* PBXTargetDependency */ = {
			isa = PBXTargetDependency;
			target = A79C46561B5BF31100C460CF /* Phoenix */;
			targetProxy = A79C466B1B5BF31200C460CF /* PBXContainerItemProxy */;
		};
/* End PBXTargetDependency section */

/* Begin PBXVariantGroup section */
		A79B89DE1B5E74C1004DDE82 /* MainMenu.xib */ = {
			isa = PBXVariantGroup;
			children = (
				A79B89DF1B5E74C1004DDE82 /* Base */,
			);
			name = MainMenu.xib;
			sourceTree = "<group>";
		};
/* End PBXVariantGroup section */

/* Begin XCBuildConfiguration section */
		A79C46721B5BF31200C460CF /* Debug */ = {
			isa = XCBuildConfiguration;
			buildSettings = {
				ALWAYS_SEARCH_USER_PATHS = NO;
				CLANG_CXX_LANGUAGE_STANDARD = "gnu++0x";
				CLANG_CXX_LIBRARY = "libc++";
				CLANG_ENABLE_MODULES = YES;
				CLANG_ENABLE_OBJC_ARC = YES;
				CLANG_WARN_BOOL_CONVERSION = YES;
				CLANG_WARN_CONSTANT_CONVERSION = YES;
				CLANG_WARN_DIRECT_OBJC_ISA_USAGE = YES_ERROR;
				CLANG_WARN_EMPTY_BODY = YES;
				CLANG_WARN_ENUM_CONVERSION = YES;
				CLANG_WARN_INFINITE_RECURSION = YES;
				CLANG_WARN_INT_CONVERSION = YES;
				CLANG_WARN_OBJC_ROOT_CLASS = YES_ERROR;
				CLANG_WARN_SUSPICIOUS_MOVE = YES;
				CLANG_WARN_UNREACHABLE_CODE = YES;
				CLANG_WARN__DUPLICATE_METHOD_MATCH = YES;
				CODE_SIGN_IDENTITY = "-";
				COPY_PHASE_STRIP = NO;
				DEBUG_INFORMATION_FORMAT = dwarf;
				ENABLE_STRICT_OBJC_MSGSEND = YES;
				ENABLE_TESTABILITY = YES;
				GCC_C_LANGUAGE_STANDARD = gnu99;
				GCC_DYNAMIC_NO_PIC = NO;
				GCC_NO_COMMON_BLOCKS = YES;
				GCC_OPTIMIZATION_LEVEL = 0;
				GCC_PREPROCESSOR_DEFINITIONS = (
					"DEBUG=1",
					"$(inherited)",
				);
				GCC_SYMBOLS_PRIVATE_EXTERN = NO;
				GCC_WARN_64_TO_32_BIT_CONVERSION = YES;
				GCC_WARN_ABOUT_RETURN_TYPE = YES_ERROR;
				GCC_WARN_UNDECLARED_SELECTOR = YES;
				GCC_WARN_UNINITIALIZED_AUTOS = YES_AGGRESSIVE;
				GCC_WARN_UNUSED_FUNCTION = YES;
				GCC_WARN_UNUSED_VARIABLE = YES;
				MACOSX_DEPLOYMENT_TARGET = 10.10;
				MTL_ENABLE_DEBUG_INFO = YES;
				ONLY_ACTIVE_ARCH = YES;
				SDKROOT = macosx;
			};
			name = Debug;
		};
		A79C46731B5BF31200C460CF /* Release */ = {
			isa = XCBuildConfiguration;
			buildSettings = {
				ALWAYS_SEARCH_USER_PATHS = NO;
				CLANG_CXX_LANGUAGE_STANDARD = "gnu++0x";
				CLANG_CXX_LIBRARY = "libc++";
				CLANG_ENABLE_MODULES = YES;
				CLANG_ENABLE_OBJC_ARC = YES;
				CLANG_WARN_BOOL_CONVERSION = YES;
				CLANG_WARN_CONSTANT_CONVERSION = YES;
				CLANG_WARN_DIRECT_OBJC_ISA_USAGE = YES_ERROR;
				CLANG_WARN_EMPTY_BODY = YES;
				CLANG_WARN_ENUM_CONVERSION = YES;
				CLANG_WARN_INFINITE_RECURSION = YES;
				CLANG_WARN_INT_CONVERSION = YES;
				CLANG_WARN_OBJC_ROOT_CLASS = YES_ERROR;
				CLANG_WARN_SUSPICIOUS_MOVE = YES;
				CLANG_WARN_UNREACHABLE_CODE = YES;
				CLANG_WARN__DUPLICATE_METHOD_MATCH = YES;
				CODE_SIGN_IDENTITY = "-";
				COPY_PHASE_STRIP = NO;
				DEBUG_INFORMATION_FORMAT = "dwarf-with-dsym";
				ENABLE_NS_ASSERTIONS = NO;
				ENABLE_STRICT_OBJC_MSGSEND = YES;
				GCC_C_LANGUAGE_STANDARD = gnu99;
				GCC_NO_COMMON_BLOCKS = YES;
				GCC_WARN_64_TO_32_BIT_CONVERSION = YES;
				GCC_WARN_ABOUT_RETURN_TYPE = YES_ERROR;
				GCC_WARN_UNDECLARED_SELECTOR = YES;
				GCC_WARN_UNINITIALIZED_AUTOS = YES_AGGRESSIVE;
				GCC_WARN_UNUSED_FUNCTION = YES;
				GCC_WARN_UNUSED_VARIABLE = YES;
				MACOSX_DEPLOYMENT_TARGET = 10.10;
				MTL_ENABLE_DEBUG_INFO = NO;
				SDKROOT = macosx;
			};
			name = Release;
		};
		A79C46751B5BF31200C460CF /* Debug */ = {
			isa = XCBuildConfiguration;
			baseConfigurationReference = 14DA76905814ABA3258EF84C /* Pods-Phoenix.debug.xcconfig */;
			buildSettings = {
				ASSETCATALOG_COMPILER_APPICON_NAME = AppIcon;
				COMBINE_HIDPI_IMAGES = YES;
				GCC_TREAT_WARNINGS_AS_ERRORS = YES;
				INFOPLIST_FILE = Phoenix/Info.plist;
				LD_RUNPATH_SEARCH_PATHS = "$(inherited) @executable_path/../Frameworks";
				MACOSX_DEPLOYMENT_TARGET = 10.10;
				PRODUCT_BUNDLE_IDENTIFIER = "org.khirviko.$(PRODUCT_NAME:rfc1034identifier)";
				PRODUCT_NAME = "$(TARGET_NAME)";
				WARNING_CFLAGS = (
					"-Wall",
					"-Wextra",
				);
			};
			name = Debug;
		};
		A79C46761B5BF31200C460CF /* Release */ = {
			isa = XCBuildConfiguration;
			baseConfigurationReference = DF23C77C388EEDB5B63E6130 /* Pods-Phoenix.release.xcconfig */;
			buildSettings = {
				ASSETCATALOG_COMPILER_APPICON_NAME = AppIcon;
				COMBINE_HIDPI_IMAGES = YES;
				GCC_TREAT_WARNINGS_AS_ERRORS = YES;
				INFOPLIST_FILE = Phoenix/Info.plist;
				LD_RUNPATH_SEARCH_PATHS = "$(inherited) @executable_path/../Frameworks";
				MACOSX_DEPLOYMENT_TARGET = 10.10;
				PRODUCT_BUNDLE_IDENTIFIER = "org.khirviko.$(PRODUCT_NAME:rfc1034identifier)";
				PRODUCT_NAME = "$(TARGET_NAME)";
				WARNING_CFLAGS = (
					"-Wall",
					"-Wextra",
				);
			};
			name = Release;
		};
		A79C46781B5BF31200C460CF /* Debug */ = {
			isa = XCBuildConfiguration;
			buildSettings = {
				BUNDLE_LOADER = "$(TEST_HOST)";
				COMBINE_HIDPI_IMAGES = YES;
				FRAMEWORK_SEARCH_PATHS = (
					"$(DEVELOPER_FRAMEWORKS_DIR)",
					"$(inherited)",
				);
				GCC_PREPROCESSOR_DEFINITIONS = (
					"DEBUG=1",
					"$(inherited)",
				);
				INFOPLIST_FILE = PhoenixTests/Info.plist;
				LD_RUNPATH_SEARCH_PATHS = "$(inherited) @executable_path/../Frameworks @loader_path/../Frameworks";
				PRODUCT_BUNDLE_IDENTIFIER = "org.khirviko.$(PRODUCT_NAME:rfc1034identifier)";
				PRODUCT_NAME = "$(TARGET_NAME)";
				TEST_HOST = "$(BUILT_PRODUCTS_DIR)/Phoenix.app/Contents/MacOS/Phoenix";
			};
			name = Debug;
		};
		A79C46791B5BF31200C460CF /* Release */ = {
			isa = XCBuildConfiguration;
			buildSettings = {
				BUNDLE_LOADER = "$(TEST_HOST)";
				COMBINE_HIDPI_IMAGES = YES;
				FRAMEWORK_SEARCH_PATHS = (
					"$(DEVELOPER_FRAMEWORKS_DIR)",
					"$(inherited)",
				);
				INFOPLIST_FILE = PhoenixTests/Info.plist;
				LD_RUNPATH_SEARCH_PATHS = "$(inherited) @executable_path/../Frameworks @loader_path/../Frameworks";
				PRODUCT_BUNDLE_IDENTIFIER = "org.khirviko.$(PRODUCT_NAME:rfc1034identifier)";
				PRODUCT_NAME = "$(TARGET_NAME)";
				TEST_HOST = "$(BUILT_PRODUCTS_DIR)/Phoenix.app/Contents/MacOS/Phoenix";
			};
			name = Release;
		};
/* End XCBuildConfiguration section */

/* Begin XCConfigurationList section */
		A79C46521B5BF31100C460CF /* Build configuration list for PBXProject "Phoenix" */ = {
			isa = XCConfigurationList;
			buildConfigurations = (
				A79C46721B5BF31200C460CF /* Debug */,
				A79C46731B5BF31200C460CF /* Release */,
			);
			defaultConfigurationIsVisible = 0;
			defaultConfigurationName = Release;
		};
		A79C46741B5BF31200C460CF /* Build configuration list for PBXNativeTarget "Phoenix" */ = {
			isa = XCConfigurationList;
			buildConfigurations = (
				A79C46751B5BF31200C460CF /* Debug */,
				A79C46761B5BF31200C460CF /* Release */,
			);
			defaultConfigurationIsVisible = 0;
			defaultConfigurationName = Release;
		};
		A79C46771B5BF31200C460CF /* Build configuration list for PBXNativeTarget "PhoenixTests" */ = {
			isa = XCConfigurationList;
			buildConfigurations = (
				A79C46781B5BF31200C460CF /* Debug */,
				A79C46791B5BF31200C460CF /* Release */,
			);
			defaultConfigurationIsVisible = 0;
			defaultConfigurationName = Release;
		};
/* End XCConfigurationList section */
	};
	rootObject = A79C464F1B5BF31100C460CF /* Project object */;
}
